
Microsoft Visual Studio Solution File, Format Version 12.00
# Visual Studio Version 17
VisualStudioVersion = 17.14.36518.9 d17.14
MinimumVisualStudioVersion = 10.0.40219.1
Project("{FAE04EC0-301F-11D3-BF4B-00C04F79EFBC}") = "TraceType", "TraceType.csproj", "{B37EE3B6-DD1E-A410-6FD8-08D068278119}"
EndProject
Global
	GlobalSection(SolutionConfigurationPlatforms) = preSolution
		Debug|Any CPU = Debug|Any CPU
		Release|Any CPU = Release|Any CPU
	EndGlobalSection
	GlobalSection(ProjectConfigurationPlatforms) = postSolution
		{B37EE3B6-DD1E-A410-6FD8-08D068278119}.Debug|Any CPU.ActiveCfg = Debug|Any CPU
		{B37EE3B6-DD1E-A410-6FD8-08D068278119}.Debug|Any CPU.Build.0 = Debug|Any CPU
		{B37EE3B6-DD1E-A410-6FD8-08D068278119}.Release|Any CPU.ActiveCfg = Release|Any CPU
		{B37EE3B6-DD1E-A410-6FD8-08D068278119}.Release|Any CPU.Build.0 = Release|Any CPU
	EndGlobalSection
	GlobalSection(SolutionProperties) = preSolution
		HideSolutionNode = FALSE
	EndGlobalSection
	GlobalSection(ExtensibilityGlobals) = postSolution
		SolutionGuid = {875E80C8-A851-4332-B3B5-6082B549D5F4}
	EndGlobalSection
EndGlobal
